
Microsoft Visual Studio Solution File, Format Version 12.00
# Visual Studio Version 16
VisualStudioVersion = 16.0.31729.503
MinimumVisualStudioVersion = 10.0.40219.1
Project("{FAE04EC0-301F-11D3-BF4B-00C04F79EFBC}") = "EnesMvc", "EnesMvc\EnesMvc.csproj", "{CF095A6C-EFAA-4101-878F-E055E0D11B46}"
EndProject
Global
	GlobalSection(SolutionConfigurationPlatforms) = preSolution
		Debug|Any CPU = Debug|Any CPU
		Release|Any CPU = Release|Any CPU
	EndGlobalSection
	GlobalSection(ProjectConfigurationPlatforms) = postSolution
		{CF095A6C-EFAA-4101-878F-E055E0D11B46}.Debug|Any CPU.ActiveCfg = Debug|Any CPU
		{CF095A6C-EFAA-4101-878F-E055E0D11B46}.Debug|Any CPU.Build.0 = Debug|Any CPU
		{CF095A6C-EFAA-4101-878F-E055E0D11B46}.Release|Any CPU.ActiveCfg = Release|Any CPU
		{CF095A6C-EFAA-4101-878F-E055E0D11B46}.Release|Any CPU.Build.0 = Release|Any CPU
	EndGlobalSection
	GlobalSection(SolutionProperties) = preSolution
		HideSolutionNode = FALSE
	EndGlobalSection
	GlobalSection(ExtensibilityGlobals) = postSolution
		SolutionGuid = {337461E4-FDF0-4FCD-A6E1-77952221B214}
	EndGlobalSection
EndGlobal
